
Microsoft Visual Studio Solution File, Format Version 12.00
# Visual Studio Version 17
VisualStudioVersion = 17.11.35222.181
MinimumVisualStudioVersion = 10.0.40219.1
Project("{FAE04EC0-301F-11D3-BF4B-00C04F79EFBC}") = "PROG7312 POE - Municipal Services Application", "PROG7312 POE - Municipal Services Application.csproj", "{AC138922-A3A6-42C7-95E2-F9276D76082E}"
EndProject
Global
	GlobalSection(SolutionConfigurationPlatforms) = preSolution
		Debug|Any CPU = Debug|Any CPU
		Release|Any CPU = Release|Any CPU
	EndGlobalSection
	GlobalSection(ProjectConfigurationPlatforms) = postSolution
		{AC138922-A3A6-42C7-95E2-F9276D76082E}.Debug|Any CPU.ActiveCfg = Debug|Any CPU
		{AC138922-A3A6-42C7-95E2-F9276D76082E}.Debug|Any CPU.Build.0 = Debug|Any CPU
		{AC138922-A3A6-42C7-95E2-F9276D76082E}.Release|Any CPU.ActiveCfg = Release|Any CPU
		{AC138922-A3A6-42C7-95E2-F9276D76082E}.Release|Any CPU.Build.0 = Release|Any CPU
	EndGlobalSection
	GlobalSection(SolutionProperties) = preSolution
		HideSolutionNode = FALSE
	EndGlobalSection
	GlobalSection(ExtensibilityGlobals) = postSolution
		SolutionGuid = {19A2780C-25E6-4E39-BDA1-62D9D98B9659}
	EndGlobalSection
EndGlobal
